
Microsoft Visual Studio Solution File, Format Version 12.00
# Visual Studio Version 17
VisualStudioVersion = 17.13.35818.85 d17.13
MinimumVisualStudioVersion = 10.0.40219.1
Project("{FAE04EC0-301F-11D3-BF4B-00C04F79EFBC}") = "RunGymFront", "RunGymFront.csproj", "{2802F7CE-C261-47FA-8F47-BCDF0747514D}"
EndProject
Global
	GlobalSection(SolutionConfigurationPlatforms) = preSolution
		Debug|Any CPU = Debug|Any CPU
		Release|Any CPU = Release|Any CPU
	EndGlobalSection
	GlobalSection(ProjectConfigurationPlatforms) = postSolution
		{2802F7CE-C261-47FA-8F47-BCDF0747514D}.Debug|Any CPU.ActiveCfg = Debug|Any CPU
		{2802F7CE-C261-47FA-8F47-BCDF0747514D}.Debug|Any CPU.Build.0 = Debug|Any CPU
		{2802F7CE-C261-47FA-8F47-BCDF0747514D}.Release|Any CPU.ActiveCfg = Release|Any CPU
		{2802F7CE-C261-47FA-8F47-BCDF0747514D}.Release|Any CPU.Build.0 = Release|Any CPU
	EndGlobalSection
	GlobalSection(SolutionProperties) = preSolution
		HideSolutionNode = FALSE
	EndGlobalSection
	GlobalSection(ExtensibilityGlobals) = postSolution
		SolutionGuid = {5CFCF234-B276-4A7D-9FC5-EEDF010EA2CD}
	EndGlobalSection
EndGlobal
